
Microsoft Visual Studio Solution File, Format Version 12.00
# Visual Studio 14
VisualStudioVersion = 14.0.24720.0
MinimumVisualStudioVersion = 10.0.40219.1
Project("{FAE04EC0-301F-11D3-BF4B-00C04F79EFBC}") = "Наследование", "Наследование\Наследование.csproj", "{33F16643-0CB0-433E-8480-8C683F380505}"
EndProject
Project("{FAE04EC0-301F-11D3-BF4B-00C04F79EFBC}") = "Tests", "Tests\Tests.csproj", "{D019305D-2F13-4C8E-A879-1DB0F3D2C9C8}"
EndProject
Global
	GlobalSection(SolutionConfigurationPlatforms) = preSolution
		Debug|Any CPU = Debug|Any CPU
		Release|Any CPU = Release|Any CPU
	EndGlobalSection
	GlobalSection(ProjectConfigurationPlatforms) = postSolution
		{33F16643-0CB0-433E-8480-8C683F380505}.Debug|Any CPU.ActiveCfg = Debug|Any CPU
		{33F16643-0CB0-433E-8480-8C683F380505}.Debug|Any CPU.Build.0 = Debug|Any CPU
		{33F16643-0CB0-433E-8480-8C683F380505}.Release|Any CPU.ActiveCfg = Release|Any CPU
		{33F16643-0CB0-433E-8480-8C683F380505}.Release|Any CPU.Build.0 = Release|Any CPU
		{D019305D-2F13-4C8E-A879-1DB0F3D2C9C8}.Debug|Any CPU.ActiveCfg = Debug|Any CPU
		{D019305D-2F13-4C8E-A879-1DB0F3D2C9C8}.Debug|Any CPU.Build.0 = Debug|Any CPU
		{D019305D-2F13-4C8E-A879-1DB0F3D2C9C8}.Release|Any CPU.ActiveCfg = Release|Any CPU
		{D019305D-2F13-4C8E-A879-1DB0F3D2C9C8}.Release|Any CPU.Build.0 = Release|Any CPU
	EndGlobalSection
	GlobalSection(SolutionProperties) = preSolution
		HideSolutionNode = FALSE
	EndGlobalSection
	GlobalSection(ExtensibilityGlobals) = postSolution
		SolutionGuid = {96F90D38-8CF7-4501-846D-587273A83538}
	EndGlobalSection
EndGlobal
